
Microsoft Visual Studio Solution File, Format Version 12.00
# Visual Studio Version 17
VisualStudioVersion = 17.4.33110.190
MinimumVisualStudioVersion = 10.0.40219.1
Project("{9A19103F-16F7-4668-BE54-9A1E7A4F7556}") = "WebApi", "WebApi\WebApi.csproj", "{0E525DC9-193A-4C5E-A2F2-4BD0B53A5CC7}"
EndProject
Project("{9A19103F-16F7-4668-BE54-9A1E7A4F7556}") = "Data", "Data\Data.csproj", "{A0657FF9-DEC3-4D10-AC8E-372A0D092B9B}"
EndProject
Project("{FAE04EC0-301F-11D3-BF4B-00C04F79EFBC}") = "Services", "Services\Services.csproj", "{0A60D1F3-AB7F-43C4-99E0-12361BED6DEC}"
EndProject
Global
	GlobalSection(SolutionConfigurationPlatforms) = preSolution
		Debug|Any CPU = Debug|Any CPU
		Release|Any CPU = Release|Any CPU
	EndGlobalSection
	GlobalSection(ProjectConfigurationPlatforms) = postSolution
		{0E525DC9-193A-4C5E-A2F2-4BD0B53A5CC7}.Debug|Any CPU.ActiveCfg = Debug|Any CPU
		{0E525DC9-193A-4C5E-A2F2-4BD0B53A5CC7}.Debug|Any CPU.Build.0 = Debug|Any CPU
		{0E525DC9-193A-4C5E-A2F2-4BD0B53A5CC7}.Release|Any CPU.ActiveCfg = Release|Any CPU
		{0E525DC9-193A-4C5E-A2F2-4BD0B53A5CC7}.Release|Any CPU.Build.0 = Release|Any CPU
		{A0657FF9-DEC3-4D10-AC8E-372A0D092B9B}.Debug|Any CPU.ActiveCfg = Debug|Any CPU
		{A0657FF9-DEC3-4D10-AC8E-372A0D092B9B}.Debug|Any CPU.Build.0 = Debug|Any CPU
		{A0657FF9-DEC3-4D10-AC8E-372A0D092B9B}.Release|Any CPU.ActiveCfg = Release|Any CPU
		{A0657FF9-DEC3-4D10-AC8E-372A0D092B9B}.Release|Any CPU.Build.0 = Release|Any CPU
		{0A60D1F3-AB7F-43C4-99E0-12361BED6DEC}.Debug|Any CPU.ActiveCfg = Debug|Any CPU
		{0A60D1F3-AB7F-43C4-99E0-12361BED6DEC}.Debug|Any CPU.Build.0 = Debug|Any CPU
		{0A60D1F3-AB7F-43C4-99E0-12361BED6DEC}.Release|Any CPU.ActiveCfg = Release|Any CPU
		{0A60D1F3-AB7F-43C4-99E0-12361BED6DEC}.Release|Any CPU.Build.0 = Release|Any CPU
	EndGlobalSection
	GlobalSection(SolutionProperties) = preSolution
		HideSolutionNode = FALSE
	EndGlobalSection
	GlobalSection(ExtensibilityGlobals) = postSolution
		SolutionGuid = {5D57CDD4-021D-4383-A6D6-FD92D3E48832}
	EndGlobalSection
EndGlobal
